// !$*UTF8*$!
{
	archiveVersion = 1;
	classes = {
	};
	objectVersion = 50;
	objects = {

/* Begin PBXBuildFile section */
		CA7EE298256B9E3D00F9E2C1 /* QuestionData.swift in Sources */ = {isa = PBXBuildFile; fileRef = CA7EE297256B9E3D00F9E2C1 /* QuestionData.swift */; };
		CA962FC625FAC9FC00EC2101 /* VisualEffectBlur.swift in Sources */ = {isa = PBXBuildFile; fileRef = CA962FC525FAC9FC00EC2101 /* VisualEffectBlur.swift */; };
		CAB0E76B256B293700DACBB2 /* SingleQuestion.swift in Sources */ = {isa = PBXBuildFile; fileRef = CAB0E76A256B293700DACBB2 /* SingleQuestion.swift */; };
		CAB0E76E256B29B500DACBB2 /* MultipleQuestions.swift in Sources */ = {isa = PBXBuildFile; fileRef = CAB0E76D256B29B500DACBB2 /* MultipleQuestions.swift */; };
		CAB0E771256B2A0C00DACBB2 /* RangedQuestions.swift in Sources */ = {isa = PBXBuildFile; fileRef = CAB0E770256B2A0C00DACBB2 /* RangedQuestions.swift */; };
		CAB0E777256B30F300DACBB2 /* ResultsView.swift in Sources */ = {isa = PBXBuildFile; fileRef = CAB0E776256B30F300DACBB2 /* ResultsView.swift */; };
		CAC0CE6E256B04C1008984B0 /* Personality_QuizApp.swift in Sources */ = {isa = PBXBuildFile; fileRef = CAC0CE6D256B04C1008984B0 /* Personality_QuizApp.swift */; };
		CAC0CE70256B04C1008984B0 /* ContentView.swift in Sources */ = {isa = PBXBuildFile; fileRef = CAC0CE6F256B04C1008984B0 /* ContentView.swift */; };
		CAC0CE72256B04C8008984B0 /* Assets.xcassets in Resources */ = {isa = PBXBuildFile; fileRef = CAC0CE71256B04C8008984B0 /* Assets.xcassets */; };
		CAC0CE75256B04C8008984B0 /* Preview Assets.xcassets in Resources */ = {isa = PBXBuildFile; fileRef = CAC0CE74256B04C8008984B0 /* Preview Assets.xcassets */; };
		CAC0CE7E256B10F5008984B0 /* QuestionView.swift in Sources */ = {isa = PBXBuildFile; fileRef = CAC0CE7D256B10F5008984B0 /* QuestionView.swift */; };
		CAE946FE256CB835009C0BF2 /* AnswerModel.swift in Sources */ = {isa = PBXBuildFile; fileRef = CAE946FD256CB835009C0BF2 /* AnswerModel.swift */; };
/* End PBXBuildFile section */

/* Begin PBXFileReference section */
		CA7EE297256B9E3D00F9E2C1 /* QuestionData.swift */ = {isa = PBXFileReference; lastKnownFileType = sourcecode.swift; path = QuestionData.swift; sourceTree = "<group>"; };
		CA962FC525FAC9FC00EC2101 /* VisualEffectBlur.swift */ = {isa = PBXFileReference; fileEncoding = 4; lastKnownFileType = sourcecode.swift; path = VisualEffectBlur.swift; sourceTree = "<group>"; };
		CAB0E76A256B293700DACBB2 /* SingleQuestion.swift */ = {isa = PBXFileReference; lastKnownFileType = sourcecode.swift; path = SingleQuestion.swift; sourceTree = "<group>"; };
		CAB0E76D256B29B500DACBB2 /* MultipleQuestions.swift */ = {isa = PBXFileReference; lastKnownFileType = sourcecode.swift; path = MultipleQuestions.swift; sourceTree = "<group>"; };
		CAB0E770256B2A0C00DACBB2 /* RangedQuestions.swift */ = {isa = PBXFileReference; lastKnownFileType = sourcecode.swift; path = RangedQuestions.swift; sourceTree = "<group>"; };
		CAB0E776256B30F300DACBB2 /* ResultsView.swift */ = {isa = PBXFileReference; lastKnownFileType = sourcecode.swift; path = ResultsView.swift; sourceTree = "<group>"; };
		CAC0CE6A256B04C1008984B0 /* Personality Quiz.app */ = {isa = PBXFileReference; explicitFileType = wrapper.application; includeInIndex = 0; path = "Personality Quiz.app"; sourceTree = BUILT_PRODUCTS_DIR; };
		CAC0CE6D256B04C1008984B0 /* Personality_QuizApp.swift */ = {isa = PBXFileReference; lastKnownFileType = sourcecode.swift; path = Personality_QuizApp.swift; sourceTree = "<group>"; };
		CAC0CE6F256B04C1008984B0 /* ContentView.swift */ = {isa = PBXFileReference; lastKnownFileType = sourcecode.swift; path = ContentView.swift; sourceTree = "<group>"; };
		CAC0CE71256B04C8008984B0 /* Assets.xcassets */ = {isa = PBXFileReference; lastKnownFileType = folder.assetcatalog; path = Assets.xcassets; sourceTree = "<group>"; };
		CAC0CE74256B04C8008984B0 /* Preview Assets.xcassets */ = {isa = PBXFileReference; lastKnownFileType = folder.assetcatalog; path = "Preview Assets.xcassets"; sourceTree = "<group>"; };
		CAC0CE76256B04C8008984B0 /* Info.plist */ = {isa = PBXFileReference; lastKnownFileType = text.plist.xml; path = Info.plist; sourceTree = "<group>"; };
		CAC0CE7D256B10F5008984B0 /* QuestionView.swift */ = {isa = PBXFileReference; lastKnownFileType = sourcecode.swift; path = QuestionView.swift; sourceTree = "<group>"; };
		CAE946FD256CB835009C0BF2 /* AnswerModel.swift */ = {isa = PBXFileReference; lastKnownFileType = sourcecode.swift; path = AnswerModel.swift; sourceTree = "<group>"; };
/* End PBXFileReference section */

/* Begin PBXFrameworksBuildPhase section */
		CAC0CE67256B04C1008984B0 /* Frameworks */ = {
			isa = PBXFrameworksBuildPhase;
			buildActionMask = 2147483647;
			files = (
			);
			runOnlyForDeploymentPostprocessing = 0;
		};
/* End PBXFrameworksBuildPhase section */

/* Begin PBXGroup section */
		CAB0E779256B367400DACBB2 /* Supporting Views */ = {
			isa = PBXGroup;
			children = (
				CAB0E76A256B293700DACBB2 /* SingleQuestion.swift */,
				CAB0E76D256B29B500DACBB2 /* MultipleQuestions.swift */,
				CAB0E770256B2A0C00DACBB2 /* RangedQuestions.swift */,
				CA962FC525FAC9FC00EC2101 /* VisualEffectBlur.swift */,
			);
			path = "Supporting Views";
			sourceTree = "<group>";
		};
		CAB0E77A256B369700DACBB2 /* Models */ = {
			isa = PBXGroup;
			children = (
				CA7EE297256B9E3D00F9E2C1 /* QuestionData.swift */,
				CAE946FD256CB835009C0BF2 /* AnswerModel.swift */,
			);
			path = Models;
			sourceTree = "<group>";
		};
		CAC0CE61256B04C1008984B0 = {
			isa = PBXGroup;
			children = (
				CAC0CE6C256B04C1008984B0 /* Personality Quiz */,
				CAC0CE6B256B04C1008984B0 /* Products */,
			);
			sourceTree = "<group>";
		};
		CAC0CE6B256B04C1008984B0 /* Products */ = {
			isa = PBXGroup;
			children = (
				CAC0CE6A256B04C1008984B0 /* Personality Quiz.app */,
			);
			name = Products;
			sourceTree = "<group>";
		};
		CAC0CE6C256B04C1008984B0 /* Personality Quiz */ = {
			isa = PBXGroup;
			children = (
				CAC0CE6D256B04C1008984B0 /* Personality_QuizApp.swift */,
				CAB0E77A256B369700DACBB2 /* Models */,
				CAC0CE6F256B04C1008984B0 /* ContentView.swift */,
				CAB0E776256B30F300DACBB2 /* ResultsView.swift */,
				CAC0CE7D256B10F5008984B0 /* QuestionView.swift */,
				CAB0E779256B367400DACBB2 /* Supporting Views */,
				CAC0CE71256B04C8008984B0 /* Assets.xcassets */,
				CAC0CE76256B04C8008984B0 /* Info.plist */,
				CAC0CE73256B04C8008984B0 /* Preview Content */,
			);
			path = "Personality Quiz";
			sourceTree = "<group>";
		};
		CAC0CE73256B04C8008984B0 /* Preview Content */ = {
			isa = PBXGroup;
			children = (
				CAC0CE74256B04C8008984B0 /* Preview Assets.xcassets */,
			);
			path = "Preview Content";
			sourceTree = "<group>";
		};
/* End PBXGroup section */

/* Begin PBXNativeTarget section */
		CAC0CE69256B04C1008984B0 /* Personality Quiz */ = {
			isa = PBXNativeTarget;
			buildConfigurationList = CAC0CE79256B04C8008984B0 /* Build configuration list for PBXNativeTarget "Personality Quiz" */;
			buildPhases = (
				CAC0CE66256B04C1008984B0 /* Sources */,
				CAC0CE67256B04C1008984B0 /* Frameworks */,
				CAC0CE68256B04C1008984B0 /* Resources */,
			);
			buildRules = (
			);
			dependencies = (
			);
			name = "Personality Quiz";
			productName = "Personality Quiz";
			productReference = CAC0CE6A256B04C1008984B0 /* Personality Quiz.app */;
			productType = "com.apple.product-type.application";
		};
/* End PBXNativeTarget section */

/* Begin PBXProject section */
		CAC0CE62256B04C1008984B0 /* Project object */ = {
			isa = PBXProject;
			attributes = {
				LastSwiftUpdateCheck = 1220;
				LastUpgradeCheck = 1220;
				TargetAttributes = {
					CAC0CE69256B04C1008984B0 = {
						CreatedOnToolsVersion = 12.2;
					};
				};
			};
			buildConfigurationList = CAC0CE65256B04C1008984B0 /* Build configuration list for PBXProject "Personality Quiz" */;
			compatibilityVersion = "Xcode 9.3";
			developmentRegion = en;
			hasScannedForEncodings = 0;
			knownRegions = (
				en,
				Base,
			);
			mainGroup = CAC0CE61256B04C1008984B0;
			productRefGroup = CAC0CE6B256B04C1008984B0 /* Products */;
			projectDirPath = "";
			projectRoot = "";
			targets = (
				CAC0CE69256B04C1008984B0 /* Personality Quiz */,
			);
		};
/* End PBXProject section */

/* Begin PBXResourcesBuildPhase section */
		CAC0CE68256B04C1008984B0 /* Resources */ = {
			isa = PBXResourcesBuildPhase;
			buildActionMask = 2147483647;
			files = (
				CAC0CE75256B04C8008984B0 /* Preview Assets.xcassets in Resources */,
				CAC0CE72256B04C8008984B0 /* Assets.xcassets in Resources */,
			);
			runOnlyForDeploymentPostprocessing = 0;
		};
/* End PBXResourcesBuildPhase section */

/* Begin PBXSourcesBuildPhase section */
		CAC0CE66256B04C1008984B0 /* Sources */ = {
			isa = PBXSourcesBuildPhase;
			buildActionMask = 2147483647;
			files = (
				CAB0E771256B2A0C00DACBB2 /* RangedQuestions.swift in Sources */,
				CAC0CE70256B04C1008984B0 /* ContentView.swift in Sources */,
				CA962FC625FAC9FC00EC2101 /* VisualEffectBlur.swift in Sources */,
				CAB0E76E256B29B500DACBB2 /* MultipleQuestions.swift in Sources */,
				CAE946FE256CB835009C0BF2 /* AnswerModel.swift in Sources */,
				CAB0E76B256B293700DACBB2 /* SingleQuestion.swift in Sources */,
				CAB0E777256B30F300DACBB2 /* ResultsView.swift in Sources */,
				CAC0CE7E256B10F5008984B0 /* QuestionView.swift in Sources */,
				CAC0CE6E256B04C1008984B0 /* Personality_QuizApp.swift in Sources */,
				CA7EE298256B9E3D00F9E2C1 /* QuestionData.swift in Sources */,
			);
			runOnlyForDeploymentPostprocessing = 0;
		};
/* End PBXSourcesBuildPhase section */

/* Begin XCBuildConfiguration section */
		CAC0CE77256B04C8008984B0 /* Debug */ = {
			isa = XCBuildConfiguration;
			buildSettings = {
				ALWAYS_SEARCH_USER_PATHS = NO;
				CLANG_ANALYZER_NONNULL = YES;
				CLANG_ANALYZER_NUMBER_OBJECT_CONVERSION = YES_AGGRESSIVE;
				CLANG_CXX_LANGUAGE_STANDARD = "gnu++14";
				CLANG_CXX_LIBRARY = "libc++";
				CLANG_ENABLE_MODULES = YES;
				CLANG_ENABLE_OBJC_ARC = YES;
				CLANG_ENABLE_OBJC_WEAK = YES;
				CLANG_WARN_BLOCK_CAPTURE_AUTORELEASING = YES;
				CLANG_WARN_BOOL_CONVERSION = YES;
				CLANG_WARN_COMMA = YES;
				CLANG_WARN_CONSTANT_CONVERSION = YES;
				CLANG_WARN_DEPRECATED_OBJC_IMPLEMENTATIONS = YES;
				CLANG_WARN_DIRECT_OBJC_ISA_USAGE = YES_ERROR;
				CLANG_WARN_DOCUMENTATION_COMMENTS = YES;
				CLANG_WARN_EMPTY_BODY = YES;
				CLANG_WARN_ENUM_CONVERSION = YES;
				CLANG_WARN_INFINITE_RECURSION = YES;
				CLANG_WARN_INT_CONVERSION = YES;
				CLANG_WARN_NON_LITERAL_NULL_CONVERSION = YES;
				CLANG_WARN_OBJC_IMPLICIT_RETAIN_SELF = YES;
				CLANG_WARN_OBJC_LITERAL_CONVERSION = YES;
				CLANG_WARN_OBJC_ROOT_CLASS = YES_ERROR;
				CLANG_WARN_QUOTED_INCLUDE_IN_FRAMEWORK_HEADER = YES;
				CLANG_WARN_RANGE_LOOP_ANALYSIS = YES;
				CLANG_WARN_STRICT_PROTOTYPES = YES;
				CLANG_WARN_SUSPICIOUS_MOVE = YES;
				CLANG_WARN_UNGUARDED_AVAILABILITY = YES_AGGRESSIVE;
				CLANG_WARN_UNREACHABLE_CODE = YES;
				CLANG_WARN__DUPLICATE_METHOD_MATCH = YES;
				COPY_PHASE_STRIP = NO;
				DEBUG_INFORMATION_FORMAT = dwarf;
				ENABLE_STRICT_OBJC_MSGSEND = YES;
				ENABLE_TESTABILITY = YES;
				GCC_C_LANGUAGE_STANDARD = gnu11;
				GCC_DYNAMIC_NO_PIC = NO;
				GCC_NO_COMMON_BLOCKS = YES;
				GCC_OPTIMIZATION_LEVEL = 0;
				GCC_PREPROCESSOR_DEFINITIONS = (
					"DEBUG=1",
					"$(inherited)",
				);
				GCC_WARN_64_TO_32_BIT_CONVERSION = YES;
				GCC_WARN_ABOUT_RETURN_TYPE = YES_ERROR;
				GCC_WARN_UNDECLARED_SELECTOR = YES;
				GCC_WARN_UNINITIALIZED_AUTOS = YES_AGGRESSIVE;
				GCC_WARN_UNUSED_FUNCTION = YES;
				GCC_WARN_UNUSED_VARIABLE = YES;
				IPHONEOS_DEPLOYMENT_TARGET = 14.2;
				MTL_ENABLE_DEBUG_INFO = INCLUDE_SOURCE;
				MTL_FAST_MATH = YES;
				ONLY_ACTIVE_ARCH = YES;
				SDKROOT = iphoneos;
				SWIFT_ACTIVE_COMPILATION_CONDITIONS = DEBUG;
				SWIFT_OPTIMIZATION_LEVEL = "-Onone";
			};
			name = Debug;
		};
		CAC0CE78256B04C8008984B0 /* Release */ = {
			isa = XCBuildConfiguration;
			buildSettings = {
				ALWAYS_SEARCH_USER_PATHS = NO;
				CLANG_ANALYZER_NONNULL = YES;
				CLANG_ANALYZER_NUMBER_OBJECT_CONVERSION = YES_AGGRESSIVE;
				CLANG_CXX_LANGUAGE_STANDARD = "gnu++14";
				CLANG_CXX_LIBRARY = "libc++";
				CLANG_ENABLE_MODULES = YES;
				CLANG_ENABLE_OBJC_ARC = YES;
				CLANG_ENABLE_OBJC_WEAK = YES;
				CLANG_WARN_BLOCK_CAPTURE_AUTORELEASING = YES;
				CLANG_WARN_BOOL_CONVERSION = YES;
				CLANG_WARN_COMMA = YES;
				CLANG_WARN_CONSTANT_CONVERSION = YES;
				CLANG_WARN_DEPRECATED_OBJC_IMPLEMENTATIONS = YES;
				CLANG_WARN_DIRECT_OBJC_ISA_USAGE = YES_ERROR;
				CLANG_WARN_DOCUMENTATION_COMMENTS = YES;
				CLANG_WARN_EMPTY_BODY = YES;
				CLANG_WARN_ENUM_CONVERSION = YES;
				CLANG_WARN_INFINITE_RECURSION = YES;
				CLANG_WARN_INT_CONVERSION = YES;
				CLANG_WARN_NON_LITERAL_NULL_CONVERSION = YES;
				CLANG_WARN_OBJC_IMPLICIT_RETAIN_SELF = YES;
				CLANG_WARN_OBJC_LITERAL_CONVERSION = YES;
				CLANG_WARN_OBJC_ROOT_CLASS = YES_ERROR;
				CLANG_WARN_QUOTED_INCLUDE_IN_FRAMEWORK_HEADER = YES;
				CLANG_WARN_RANGE_LOOP_ANALYSIS = YES;
				CLANG_WARN_STRICT_PROTOTYPES = YES;
				CLANG_WARN_SUSPICIOUS_MOVE = YES;
				CLANG_WARN_UNGUARDED_AVAILABILITY = YES_AGGRESSIVE;
				CLANG_WARN_UNREACHABLE_CODE = YES;
				CLANG_WARN__DUPLICATE_METHOD_MATCH = YES;
				COPY_PHASE_STRIP = NO;
				DEBUG_INFORMATION_FORMAT = "dwarf-with-dsym";
				ENABLE_NS_ASSERTIONS = NO;
				ENABLE_STRICT_OBJC_MSGSEND = YES;
				GCC_C_LANGUAGE_STANDARD = gnu11;
				GCC_NO_COMMON_BLOCKS = YES;
				GCC_WARN_64_TO_32_BIT_CONVERSION = YES;
				GCC_WARN_ABOUT_RETURN_TYPE = YES_ERROR;
				GCC_WARN_UNDECLARED_SELECTOR = YES;
				GCC_WARN_UNINITIALIZED_AUTOS = YES_AGGRESSIVE;
				GCC_WARN_UNUSED_FUNCTION = YES;
				GCC_WARN_UNUSED_VARIABLE = YES;
				IPHONEOS_DEPLOYMENT_TARGET = 14.2;
				MTL_ENABLE_DEBUG_INFO = NO;
				MTL_FAST_MATH = YES;
				SDKROOT = iphoneos;
				SWIFT_COMPILATION_MODE = wholemodule;
				SWIFT_OPTIMIZATION_LEVEL = "-O";
				VALIDATE_PRODUCT = YES;
			};
			name = Release;
		};
		CAC0CE7A256B04C8008984B0 /* Debug */ = {
			isa = XCBuildConfiguration;
			buildSettings = {
				ASSETCATALOG_COMPILER_APPICON_NAME = AppIcon;
				ASSETCATALOG_COMPILER_GLOBAL_ACCENT_COLOR_NAME = AccentColor;
				CODE_SIGN_STYLE = Automatic;
				DEVELOPMENT_ASSET_PATHS = "\"Personality Quiz/Preview Content\"";
				DEVELOPMENT_TEAM = 2HB3YHCHVH;
				ENABLE_PREVIEWS = YES;
				INFOPLIST_FILE = "Personality Quiz/Info.plist";
				IPHONEOS_DEPLOYMENT_TARGET = 14.0;
				LD_RUNPATH_SEARCH_PATHS = (
					"$(inherited)",
					"@executable_path/Frameworks",
				);
				PRODUCT_BUNDLE_IDENTIFIER = "com.mwaibanda.Personality-Quiz";
				PRODUCT_NAME = "$(TARGET_NAME)";
				SWIFT_VERSION = 5.0;
				TARGETED_DEVICE_FAMILY = "1,2";
			};
			name = Debug;
		};
		CAC0CE7B256B04C8008984B0 /* Release */ = {
			isa = XCBuildConfiguration;
			buildSettings = {
				ASSETCATALOG_COMPILER_APPICON_NAME = AppIcon;
				ASSETCATALOG_COMPILER_GLOBAL_ACCENT_COLOR_NAME = AccentColor;
				CODE_SIGN_STYLE = Automatic;
				DEVELOPMENT_ASSET_PATHS = "\"Personality Quiz/Preview Content\"";
				DEVELOPMENT_TEAM = 2HB3YHCHVH;
				ENABLE_PREVIEWS = YES;
				INFOPLIST_FILE = "Personality Quiz/Info.plist";
				IPHONEOS_DEPLOYMENT_TARGET = 14.0;
				LD_RUNPATH_SEARCH_PATHS = (
					"$(inherited)",
					"@executable_path/Frameworks",
				);
				PRODUCT_BUNDLE_IDENTIFIER = "com.mwaibanda.Personality-Quiz";
				PRODUCT_NAME = "$(TARGET_NAME)";
				SWIFT_VERSION = 5.0;
				TARGETED_DEVICE_FAMILY = "1,2";
			};
			name = Release;
		};
/* End XCBuildConfiguration section */

/* Begin XCConfigurationList section */
		CAC0CE65256B04C1008984B0 /* Build configuration list for PBXProject "Personality Quiz" */ = {
			isa = XCConfigurationList;
			buildConfigurations = (
				CAC0CE77256B04C8008984B0 /* Debug */,
				CAC0CE78256B04C8008984B0 /* Release */,
			);
			defaultConfigurationIsVisible = 0;
			defaultConfigurationName = Release;
		};
		CAC0CE79256B04C8008984B0 /* Build configuration list for PBXNativeTarget "Personality Quiz" */ = {
			isa = XCConfigurationList;
			buildConfigurations = (
				CAC0CE7A256B04C8008984B0 /* Debug */,
				CAC0CE7B256B04C8008984B0 /* Release */,
			);
			defaultConfigurationIsVisible = 0;
			defaultConfigurationName = Release;
		};
/* End XCConfigurationList section */
	};
	rootObject = CAC0CE62256B04C1008984B0 /* Project object */;
}
